
Microsoft Visual Studio Solution File, Format Version 12.00
# Visual Studio Version 16
VisualStudioVersion = 16.0.32228.343
MinimumVisualStudioVersion = 10.0.40219.1
Project("{FAE04EC0-301F-11D3-BF4B-00C04F79EFBC}") = "REGEX", "REGEX\REGEX.csproj", "{BC543A45-2366-426A-A83C-F5BB611627AD}"
EndProject
Global
	GlobalSection(SolutionConfigurationPlatforms) = preSolution
		Debug|Any CPU = Debug|Any CPU
		Release|Any CPU = Release|Any CPU
	EndGlobalSection
	GlobalSection(ProjectConfigurationPlatforms) = postSolution
		{BC543A45-2366-426A-A83C-F5BB611627AD}.Debug|Any CPU.ActiveCfg = Debug|Any CPU
		{BC543A45-2366-426A-A83C-F5BB611627AD}.Debug|Any CPU.Build.0 = Debug|Any CPU
		{BC543A45-2366-426A-A83C-F5BB611627AD}.Release|Any CPU.ActiveCfg = Release|Any CPU
		{BC543A45-2366-426A-A83C-F5BB611627AD}.Release|Any CPU.Build.0 = Release|Any CPU
	EndGlobalSection
	GlobalSection(SolutionProperties) = preSolution
		HideSolutionNode = FALSE
	EndGlobalSection
	GlobalSection(ExtensibilityGlobals) = postSolution
		SolutionGuid = {FF5FFC2E-E161-4332-9254-04373AF317CE}
	EndGlobalSection
EndGlobal
